
Microsoft Visual Studio Solution File, Format Version 12.00
# Visual Studio Version 16
VisualStudioVersion = 16.0.30011.22
MinimumVisualStudioVersion = 10.0.40219.1
Project("{FAE04EC0-301F-11D3-BF4B-00C04F79EFBC}") = "DB_Lite_Console", "DB_Lite_Console\DB_Lite_Console.csproj", "{FBCE5EB2-D197-4199-BB97-1E8194D5B2B2}"
EndProject
Global
	GlobalSection(SolutionConfigurationPlatforms) = preSolution
		Debug|Any CPU = Debug|Any CPU
		Release|Any CPU = Release|Any CPU
	EndGlobalSection
	GlobalSection(ProjectConfigurationPlatforms) = postSolution
		{FBCE5EB2-D197-4199-BB97-1E8194D5B2B2}.Debug|Any CPU.ActiveCfg = Debug|Any CPU
		{FBCE5EB2-D197-4199-BB97-1E8194D5B2B2}.Debug|Any CPU.Build.0 = Debug|Any CPU
		{FBCE5EB2-D197-4199-BB97-1E8194D5B2B2}.Release|Any CPU.ActiveCfg = Release|Any CPU
		{FBCE5EB2-D197-4199-BB97-1E8194D5B2B2}.Release|Any CPU.Build.0 = Release|Any CPU
	EndGlobalSection
	GlobalSection(SolutionProperties) = preSolution
		HideSolutionNode = FALSE
	EndGlobalSection
	GlobalSection(ExtensibilityGlobals) = postSolution
		SolutionGuid = {2D8A4C63-EEDA-49A1-9F65-F90BED0AE662}
	EndGlobalSection
EndGlobal
